
Microsoft Visual Studio Solution File, Format Version 12.00
# Visual Studio Version 16
VisualStudioVersion = 16.0.30523.141
MinimumVisualStudioVersion = 10.0.40219.1
Project("{9A19103F-16F7-4668-BE54-9A1E7A4F7556}") = "FiledPaymentService", "FiledPaymentService.csproj", "{0666B5A9-D525-49F8-B267-88A0DE2872C5}"
EndProject
Project("{FAE04EC0-301F-11D3-BF4B-00C04F79EFBC}") = "Filed.Test", "..\Filed.Test\Filed.Test.csproj", "{FBB15455-2B3A-4E71-9271-9FB731FE69DB}"
EndProject
Global
	GlobalSection(SolutionConfigurationPlatforms) = preSolution
		Debug|Any CPU = Debug|Any CPU
		Release|Any CPU = Release|Any CPU
	EndGlobalSection
	GlobalSection(ProjectConfigurationPlatforms) = postSolution
		{0666B5A9-D525-49F8-B267-88A0DE2872C5}.Debug|Any CPU.ActiveCfg = Debug|Any CPU
		{0666B5A9-D525-49F8-B267-88A0DE2872C5}.Debug|Any CPU.Build.0 = Debug|Any CPU
		{0666B5A9-D525-49F8-B267-88A0DE2872C5}.Release|Any CPU.ActiveCfg = Release|Any CPU
		{0666B5A9-D525-49F8-B267-88A0DE2872C5}.Release|Any CPU.Build.0 = Release|Any CPU
		{FBB15455-2B3A-4E71-9271-9FB731FE69DB}.Debug|Any CPU.ActiveCfg = Debug|Any CPU
		{FBB15455-2B3A-4E71-9271-9FB731FE69DB}.Debug|Any CPU.Build.0 = Debug|Any CPU
		{FBB15455-2B3A-4E71-9271-9FB731FE69DB}.Release|Any CPU.ActiveCfg = Release|Any CPU
		{FBB15455-2B3A-4E71-9271-9FB731FE69DB}.Release|Any CPU.Build.0 = Release|Any CPU
	EndGlobalSection
	GlobalSection(SolutionProperties) = preSolution
		HideSolutionNode = FALSE
	EndGlobalSection
	GlobalSection(ExtensibilityGlobals) = postSolution
		SolutionGuid = {B578382C-5366-43D7-ADA3-8A720F56F572}
	EndGlobalSection
EndGlobal
